
Microsoft Visual Studio Solution File, Format Version 12.00
# Visual Studio Version 17
VisualStudioVersion = 17.11.35208.52
MinimumVisualStudioVersion = 10.0.40219.1
Project("{9A19103F-16F7-4668-BE54-9A1E7A4F7556}") = "Firetail.Net.Tests", "Firetail.Net.Tests\Firetail.Net.Tests.csproj", "{9C22196D-91FC-42CD-AE4D-A91276CCD473}"
EndProject
Project("{9A19103F-16F7-4668-BE54-9A1E7A4F7556}") = "Firetail.Net", "Firetail.Net\Firetail.Net.csproj", "{69A025ED-C654-40B8-A6DF-9E4D6CD60BFC}"
EndProject
Global
	GlobalSection(SolutionConfigurationPlatforms) = preSolution
		Debug|Any CPU = Debug|Any CPU
		Release|Any CPU = Release|Any CPU
	EndGlobalSection
	GlobalSection(ProjectConfigurationPlatforms) = postSolution
		{9C22196D-91FC-42CD-AE4D-A91276CCD473}.Debug|Any CPU.ActiveCfg = Debug|Any CPU
		{9C22196D-91FC-42CD-AE4D-A91276CCD473}.Debug|Any CPU.Build.0 = Debug|Any CPU
		{9C22196D-91FC-42CD-AE4D-A91276CCD473}.Release|Any CPU.ActiveCfg = Release|Any CPU
		{9C22196D-91FC-42CD-AE4D-A91276CCD473}.Release|Any CPU.Build.0 = Release|Any CPU
		{69A025ED-C654-40B8-A6DF-9E4D6CD60BFC}.Debug|Any CPU.ActiveCfg = Debug|Any CPU
		{69A025ED-C654-40B8-A6DF-9E4D6CD60BFC}.Debug|Any CPU.Build.0 = Debug|Any CPU
		{69A025ED-C654-40B8-A6DF-9E4D6CD60BFC}.Release|Any CPU.ActiveCfg = Release|Any CPU
		{69A025ED-C654-40B8-A6DF-9E4D6CD60BFC}.Release|Any CPU.Build.0 = Release|Any CPU
	EndGlobalSection
	GlobalSection(SolutionProperties) = preSolution
		HideSolutionNode = FALSE
	EndGlobalSection
	GlobalSection(ExtensibilityGlobals) = postSolution
		SolutionGuid = {029F3156-421E-4410-B51F-A7810CDD67E7}
	EndGlobalSection
EndGlobal
